// !$*UTF8*$!
{
	archiveVersion = 1;
	classes = {
	};
	objectVersion = 77;
	objects = {

/* Begin PBXContainerItemProxy section */
		07959E442C9FEE8B0046DD24 /* PBXContainerItemProxy */ = {
			isa = PBXContainerItemProxy;
			containerPortal = 07959E2B2C9FEE890046DD24 /* Project object */;
			proxyType = 1;
			remoteGlobalIDString = 07959E322C9FEE890046DD24;
			remoteInfo = "Emoji Art";
		};
		07959E4E2C9FEE8B0046DD24 /* PBXContainerItemProxy */ = {
			isa = PBXContainerItemProxy;
			containerPortal = 07959E2B2C9FEE890046DD24 /* Project object */;
			proxyType = 1;
			remoteGlobalIDString = 07959E322C9FEE890046DD24;
			remoteInfo = "Emoji Art";
		};
/* End PBXContainerItemProxy section */

/* Begin PBXFileReference section */
		07959E332C9FEE890046DD24 /* Emoji Art.app */ = {isa = PBXFileReference; explicitFileType = wrapper.application; includeInIndex = 0; path = "Emoji Art.app"; sourceTree = BUILT_PRODUCTS_DIR; };
		07959E432C9FEE8B0046DD24 /* Emoji ArtTests.xctest */ = {isa = PBXFileReference; explicitFileType = wrapper.cfbundle; includeInIndex = 0; path = "Emoji ArtTests.xctest"; sourceTree = BUILT_PRODUCTS_DIR; };
		07959E4D2C9FEE8B0046DD24 /* Emoji ArtUITests.xctest */ = {isa = PBXFileReference; explicitFileType = wrapper.cfbundle; includeInIndex = 0; path = "Emoji ArtUITests.xctest"; sourceTree = BUILT_PRODUCTS_DIR; };
/* End PBXFileReference section */

/* Begin PBXFileSystemSynchronizedRootGroup section */
		07959E352C9FEE890046DD24 /* Emoji Art */ = {
			isa = PBXFileSystemSynchronizedRootGroup;
			path = "Emoji Art";
			sourceTree = "<group>";
		};
		07959E462C9FEE8B0046DD24 /* Emoji ArtTests */ = {
			isa = PBXFileSystemSynchronizedRootGroup;
			path = "Emoji ArtTests";
			sourceTree = "<group>";
		};
		07959E502C9FEE8B0046DD24 /* Emoji ArtUITests */ = {
			isa = PBXFileSystemSynchronizedRootGroup;
			path = "Emoji ArtUITests";
			sourceTree = "<group>";
		};
/* End PBXFileSystemSynchronizedRootGroup section */

/* Begin PBXFrameworksBuildPhase section */
		07959E302C9FEE890046DD24 /* Frameworks */ = {
			isa = PBXFrameworksBuildPhase;
			buildActionMask = 2147483647;
			files = (
			);
			runOnlyForDeploymentPostprocessing = 0;
		};
		07959E402C9FEE8B0046DD24 /* Frameworks */ = {
			isa = PBXFrameworksBuildPhase;
			buildActionMask = 2147483647;
			files = (
			);
			runOnlyForDeploymentPostprocessing = 0;
		};
		07959E4A2C9FEE8B0046DD24 /* Frameworks */ = {
			isa = PBXFrameworksBuildPhase;
			buildActionMask = 2147483647;
			files = (
			);
			runOnlyForDeploymentPostprocessing = 0;
		};
/* End PBXFrameworksBuildPhase section */

/* Begin PBXGroup section */
		07959E2A2C9FEE890046DD24 = {
			isa = PBXGroup;
			children = (
				07959E352C9FEE890046DD24 /* Emoji Art */,
				07959E462C9FEE8B0046DD24 /* Emoji ArtTests */,
				07959E502C9FEE8B0046DD24 /* Emoji ArtUITests */,
				07959E342C9FEE890046DD24 /* Products */,
			);
			sourceTree = "<group>";
		};
		07959E342C9FEE890046DD24 /* Products */ = {
			isa = PBXGroup;
			children = (
				07959E332C9FEE890046DD24 /* Emoji Art.app */,
				07959E432C9FEE8B0046DD24 /* Emoji ArtTests.xctest */,
				07959E4D2C9FEE8B0046DD24 /* Emoji ArtUITests.xctest */,
			);
			name = Products;
			sourceTree = "<group>";
		};
/* End PBXGroup section */

/* Begin PBXNativeTarget section */
		07959E322C9FEE890046DD24 /* Emoji Art */ = {
			isa = PBXNativeTarget;
			buildConfigurationList = 07959E572C9FEE8B0046DD24 /* Build configuration list for PBXNativeTarget "Emoji Art" */;
			buildPhases = (
				07959E2F2C9FEE890046DD24 /* Sources */,
				07959E302C9FEE890046DD24 /* Frameworks */,
				07959E312C9FEE890046DD24 /* Resources */,
			);
			buildRules = (
			);
			dependencies = (
			);
			fileSystemSynchronizedGroups = (
				07959E352C9FEE890046DD24 /* Emoji Art */,
			);
			name = "Emoji Art";
			packageProductDependencies = (
			);
			productName = "Emoji Art";
			productReference = 07959E332C9FEE890046DD24 /* Emoji Art.app */;
			productType = "com.apple.product-type.application";
		};
		07959E422C9FEE8B0046DD24 /* Emoji ArtTests */ = {
			isa = PBXNativeTarget;
			buildConfigurationList = 07959E5A2C9FEE8B0046DD24 /* Build configuration list for PBXNativeTarget "Emoji ArtTests" */;
			buildPhases = (
				07959E3F2C9FEE8B0046DD24 /* Sources */,
				07959E402C9FEE8B0046DD24 /* Frameworks */,
				07959E412C9FEE8B0046DD24 /* Resources */,
			);
			buildRules = (
			);
			dependencies = (
				07959E452C9FEE8B0046DD24 /* PBXTargetDependency */,
			);
			fileSystemSynchronizedGroups = (
				07959E462C9FEE8B0046DD24 /* Emoji ArtTests */,
			);
			name = "Emoji ArtTests";
			packageProductDependencies = (
			);
			productName = "Emoji ArtTests";
			productReference = 07959E432C9FEE8B0046DD24 /* Emoji ArtTests.xctest */;
			productType = "com.apple.product-type.bundle.unit-test";
		};
		07959E4C2C9FEE8B0046DD24 /* Emoji ArtUITests */ = {
			isa = PBXNativeTarget;
			buildConfigurationList = 07959E5D2C9FEE8B0046DD24 /* Build configuration list for PBXNativeTarget "Emoji ArtUITests" */;
			buildPhases = (
				07959E492C9FEE8B0046DD24 /* Sources */,
				07959E4A2C9FEE8B0046DD24 /* Frameworks */,
				07959E4B2C9FEE8B0046DD24 /* Resources */,
			);
			buildRules = (
			);
			dependencies = (
				07959E4F2C9FEE8B0046DD24 /* PBXTargetDependency */,
			);
			fileSystemSynchronizedGroups = (
				07959E502C9FEE8B0046DD24 /* Emoji ArtUITests */,
			);
			name = "Emoji ArtUITests";
			packageProductDependencies = (
			);
			productName = "Emoji ArtUITests";
			productReference = 07959E4D2C9FEE8B0046DD24 /* Emoji ArtUITests.xctest */;
			productType = "com.apple.product-type.bundle.ui-testing";
		};
/* End PBXNativeTarget section */

/* Begin PBXProject section */
		07959E2B2C9FEE890046DD24 /* Project object */ = {
			isa = PBXProject;
			attributes = {
				BuildIndependentTargetsInParallel = 1;
				LastSwiftUpdateCheck = 1600;
				LastUpgradeCheck = 1600;
				TargetAttributes = {
					07959E322C9FEE890046DD24 = {
						CreatedOnToolsVersion = 16.0;
					};
					07959E422C9FEE8B0046DD24 = {
						CreatedOnToolsVersion = 16.0;
						TestTargetID = 07959E322C9FEE890046DD24;
					};
					07959E4C2C9FEE8B0046DD24 = {
						CreatedOnToolsVersion = 16.0;
						TestTargetID = 07959E322C9FEE890046DD24;
					};
				};
			};
			buildConfigurationList = 07959E2E2C9FEE890046DD24 /* Build configuration list for PBXProject "Emoji Art" */;
			developmentRegion = en;
			hasScannedForEncodings = 0;
			knownRegions = (
				en,
				Base,
			);
			mainGroup = 07959E2A2C9FEE890046DD24;
			minimizedProjectReferenceProxies = 1;
			preferredProjectObjectVersion = 77;
			productRefGroup = 07959E342C9FEE890046DD24 /* Products */;
			projectDirPath = "";
			projectRoot = "";
			targets = (
				07959E322C9FEE890046DD24 /* Emoji Art */,
				07959E422C9FEE8B0046DD24 /* Emoji ArtTests */,
				07959E4C2C9FEE8B0046DD24 /* Emoji ArtUITests */,
			);
		};
/* End PBXProject section */

/* Begin PBXResourcesBuildPhase section */
		07959E312C9FEE890046DD24 /* Resources */ = {
			isa = PBXResourcesBuildPhase;
			buildActionMask = 2147483647;
			files = (
			);
			runOnlyForDeploymentPostprocessing = 0;
		};
		07959E412C9FEE8B0046DD24 /* Resources */ = {
			isa = PBXResourcesBuildPhase;
			buildActionMask = 2147483647;
			files = (
			);
			runOnlyForDeploymentPostprocessing = 0;
		};
		07959E4B2C9FEE8B0046DD24 /* Resources */ = {
			isa = PBXResourcesBuildPhase;
			buildActionMask = 2147483647;
			files = (
			);
			runOnlyForDeploymentPostprocessing = 0;
		};
/* End PBXResourcesBuildPhase section */

/* Begin PBXSourcesBuildPhase section */
		07959E2F2C9FEE890046DD24 /* Sources */ = {
			isa = PBXSourcesBuildPhase;
			buildActionMask = 2147483647;
			files = (
			);
			runOnlyForDeploymentPostprocessing = 0;
		};
		07959E3F2C9FEE8B0046DD24 /* Sources */ = {
			isa = PBXSourcesBuildPhase;
			buildActionMask = 2147483647;
			files = (
			);
			runOnlyForDeploymentPostprocessing = 0;
		};
		07959E492C9FEE8B0046DD24 /* Sources */ = {
			isa = PBXSourcesBuildPhase;
			buildActionMask = 2147483647;
			files = (
			);
			runOnlyForDeploymentPostprocessing = 0;
		};
/* End PBXSourcesBuildPhase section */

/* Begin PBXTargetDependency section */
		07959E452C9FEE8B0046DD24 /* PBXTargetDependency */ = {
			isa = PBXTargetDependency;
			target = 07959E322C9FEE890046DD24 /* Emoji Art */;
			targetProxy = 07959E442C9FEE8B0046DD24 /* PBXContainerItemProxy */;
		};
		07959E4F2C9FEE8B0046DD24 /* PBXTargetDependency */ = {
			isa = PBXTargetDependency;
			target = 07959E322C9FEE890046DD24 /* Emoji Art */;
			targetProxy = 07959E4E2C9FEE8B0046DD24 /* PBXContainerItemProxy */;
		};
/* End PBXTargetDependency section */

/* Begin XCBuildConfiguration section */
		07959E552C9FEE8B0046DD24 /* Debug */ = {
			isa = XCBuildConfiguration;
			buildSettings = {
				ALWAYS_SEARCH_USER_PATHS = NO;
				ASSETCATALOG_COMPILER_GENERATE_SWIFT_ASSET_SYMBOL_EXTENSIONS = YES;
				CLANG_ANALYZER_NONNULL = YES;
				CLANG_ANALYZER_NUMBER_OBJECT_CONVERSION = YES_AGGRESSIVE;
				CLANG_CXX_LANGUAGE_STANDARD = "gnu++20";
				CLANG_ENABLE_MODULES = YES;
				CLANG_ENABLE_OBJC_ARC = YES;
				CLANG_ENABLE_OBJC_WEAK = YES;
				CLANG_WARN_BLOCK_CAPTURE_AUTORELEASING = YES;
				CLANG_WARN_BOOL_CONVERSION = YES;
				CLANG_WARN_COMMA = YES;
				CLANG_WARN_CONSTANT_CONVERSION = YES;
				CLANG_WARN_DEPRECATED_OBJC_IMPLEMENTATIONS = YES;
				CLANG_WARN_DIRECT_OBJC_ISA_USAGE = YES_ERROR;
				CLANG_WARN_DOCUMENTATION_COMMENTS = YES;
				CLANG_WARN_EMPTY_BODY = YES;
				CLANG_WARN_ENUM_CONVERSION = YES;
				CLANG_WARN_INFINITE_RECURSION = YES;
				CLANG_WARN_INT_CONVERSION = YES;
				CLANG_WARN_NON_LITERAL_NULL_CONVERSION = YES;
				CLANG_WARN_OBJC_IMPLICIT_RETAIN_SELF = YES;
				CLANG_WARN_OBJC_LITERAL_CONVERSION = YES;
				CLANG_WARN_OBJC_ROOT_CLASS = YES_ERROR;
				CLANG_WARN_QUOTED_INCLUDE_IN_FRAMEWORK_HEADER = YES;
				CLANG_WARN_RANGE_LOOP_ANALYSIS = YES;
				CLANG_WARN_STRICT_PROTOTYPES = YES;
				CLANG_WARN_SUSPICIOUS_MOVE = YES;
				CLANG_WARN_UNGUARDED_AVAILABILITY = YES_AGGRESSIVE;
				CLANG_WARN_UNREACHABLE_CODE = YES;
				CLANG_WARN__DUPLICATE_METHOD_MATCH = YES;
				COPY_PHASE_STRIP = NO;
				DEBUG_INFORMATION_FORMAT = dwarf;
				ENABLE_STRICT_OBJC_MSGSEND = YES;
				ENABLE_TESTABILITY = YES;
				ENABLE_USER_SCRIPT_SANDBOXING = YES;
				GCC_C_LANGUAGE_STANDARD = gnu17;
				GCC_DYNAMIC_NO_PIC = NO;
				GCC_NO_COMMON_BLOCKS = YES;
				GCC_OPTIMIZATION_LEVEL = 0;
				GCC_PREPROCESSOR_DEFINITIONS = (
					"DEBUG=1",
					"$(inherited)",
				);
				GCC_WARN_64_TO_32_BIT_CONVERSION = YES;
				GCC_WARN_ABOUT_RETURN_TYPE = YES_ERROR;
				GCC_WARN_UNDECLARED_SELECTOR = YES;
				GCC_WARN_UNINITIALIZED_AUTOS = YES_AGGRESSIVE;
				GCC_WARN_UNUSED_FUNCTION = YES;
				GCC_WARN_UNUSED_VARIABLE = YES;
				IPHONEOS_DEPLOYMENT_TARGET = 18.0;
				LOCALIZATION_PREFERS_STRING_CATALOGS = YES;
				MTL_ENABLE_DEBUG_INFO = INCLUDE_SOURCE;
				MTL_FAST_MATH = YES;
				ONLY_ACTIVE_ARCH = YES;
				SDKROOT = iphoneos;
				SWIFT_ACTIVE_COMPILATION_CONDITIONS = "DEBUG $(inherited)";
				SWIFT_OPTIMIZATION_LEVEL = "-Onone";
			};
			name = Debug;
		};
		07959E562C9FEE8B0046DD24 /* Release */ = {
			isa = XCBuildConfiguration;
			buildSettings = {
				ALWAYS_SEARCH_USER_PATHS = NO;
				ASSETCATALOG_COMPILER_GENERATE_SWIFT_ASSET_SYMBOL_EXTENSIONS = YES;
				CLANG_ANALYZER_NONNULL = YES;
				CLANG_ANALYZER_NUMBER_OBJECT_CONVERSION = YES_AGGRESSIVE;
				CLANG_CXX_LANGUAGE_STANDARD = "gnu++20";
				CLANG_ENABLE_MODULES = YES;
				CLANG_ENABLE_OBJC_ARC = YES;
				CLANG_ENABLE_OBJC_WEAK = YES;
				CLANG_WARN_BLOCK_CAPTURE_AUTORELEASING = YES;
				CLANG_WARN_BOOL_CONVERSION = YES;
				CLANG_WARN_COMMA = YES;
				CLANG_WARN_CONSTANT_CONVERSION = YES;
				CLANG_WARN_DEPRECATED_OBJC_IMPLEMENTATIONS = YES;
				CLANG_WARN_DIRECT_OBJC_ISA_USAGE = YES_ERROR;
				CLANG_WARN_DOCUMENTATION_COMMENTS = YES;
				CLANG_WARN_EMPTY_BODY = YES;
				CLANG_WARN_ENUM_CONVERSION = YES;
				CLANG_WARN_INFINITE_RECURSION = YES;
				CLANG_WARN_INT_CONVERSION = YES;
				CLANG_WARN_NON_LITERAL_NULL_CONVERSION = YES;
				CLANG_WARN_OBJC_IMPLICIT_RETAIN_SELF = YES;
				CLANG_WARN_OBJC_LITERAL_CONVERSION = YES;
				CLANG_WARN_OBJC_ROOT_CLASS = YES_ERROR;
				CLANG_WARN_QUOTED_INCLUDE_IN_FRAMEWORK_HEADER = YES;
				CLANG_WARN_RANGE_LOOP_ANALYSIS = YES;
				CLANG_WARN_STRICT_PROTOTYPES = YES;
				CLANG_WARN_SUSPICIOUS_MOVE = YES;
				CLANG_WARN_UNGUARDED_AVAILABILITY = YES_AGGRESSIVE;
				CLANG_WARN_UNREACHABLE_CODE = YES;
				CLANG_WARN__DUPLICATE_METHOD_MATCH = YES;
				COPY_PHASE_STRIP = NO;
				DEBUG_INFORMATION_FORMAT = "dwarf-with-dsym";
				ENABLE_NS_ASSERTIONS = NO;
				ENABLE_STRICT_OBJC_MSGSEND = YES;
				ENABLE_USER_SCRIPT_SANDBOXING = YES;
				GCC_C_LANGUAGE_STANDARD = gnu17;
				GCC_NO_COMMON_BLOCKS = YES;
				GCC_WARN_64_TO_32_BIT_CONVERSION = YES;
				GCC_WARN_ABOUT_RETURN_TYPE = YES_ERROR;
				GCC_WARN_UNDECLARED_SELECTOR = YES;
				GCC_WARN_UNINITIALIZED_AUTOS = YES_AGGRESSIVE;
				GCC_WARN_UNUSED_FUNCTION = YES;
				GCC_WARN_UNUSED_VARIABLE = YES;
				IPHONEOS_DEPLOYMENT_TARGET = 18.0;
				LOCALIZATION_PREFERS_STRING_CATALOGS = YES;
				MTL_ENABLE_DEBUG_INFO = NO;
				MTL_FAST_MATH = YES;
				SDKROOT = iphoneos;
				SWIFT_COMPILATION_MODE = wholemodule;
				VALIDATE_PRODUCT = YES;
			};
			name = Release;
		};
		07959E582C9FEE8B0046DD24 /* Debug */ = {
			isa = XCBuildConfiguration;
			buildSettings = {
				ASSETCATALOG_COMPILER_APPICON_NAME = AppIcon;
				ASSETCATALOG_COMPILER_GLOBAL_ACCENT_COLOR_NAME = AccentColor;
				CODE_SIGN_STYLE = Automatic;
				CURRENT_PROJECT_VERSION = 1;
				DEVELOPMENT_ASSET_PATHS = "\"Emoji Art/Preview Content\"";
				DEVELOPMENT_TEAM = H7MDDDPC4H;
				ENABLE_PREVIEWS = YES;
				GENERATE_INFOPLIST_FILE = YES;
				INFOPLIST_KEY_UIApplicationSceneManifest_Generation = YES;
				INFOPLIST_KEY_UIApplicationSupportsIndirectInputEvents = YES;
				INFOPLIST_KEY_UILaunchScreen_Generation = YES;
				INFOPLIST_KEY_UISupportedInterfaceOrientations_iPad = "UIInterfaceOrientationPortrait UIInterfaceOrientationPortraitUpsideDown UIInterfaceOrientationLandscapeLeft UIInterfaceOrientationLandscapeRight";
				INFOPLIST_KEY_UISupportedInterfaceOrientations_iPhone = "UIInterfaceOrientationPortrait UIInterfaceOrientationLandscapeLeft UIInterfaceOrientationLandscapeRight";
				LD_RUNPATH_SEARCH_PATHS = (
					"$(inherited)",
					"@executable_path/Frameworks",
				);
				MARKETING_VERSION = 1.0;
				PRODUCT_BUNDLE_IDENTIFIER = "com.eric.Emoji-Art";
				PRODUCT_NAME = "$(TARGET_NAME)";
				SWIFT_EMIT_LOC_STRINGS = YES;
				SWIFT_VERSION = 5.0;
				TARGETED_DEVICE_FAMILY = "1,2";
			};
			name = Debug;
		};
		07959E592C9FEE8B0046DD24 /* Release */ = {
			isa = XCBuildConfiguration;
			buildSettings = {
				ASSETCATALOG_COMPILER_APPICON_NAME = AppIcon;
				ASSETCATALOG_COMPILER_GLOBAL_ACCENT_COLOR_NAME = AccentColor;
				CODE_SIGN_STYLE = Automatic;
				CURRENT_PROJECT_VERSION = 1;
				DEVELOPMENT_ASSET_PATHS = "\"Emoji Art/Preview Content\"";
				DEVELOPMENT_TEAM = H7MDDDPC4H;
				ENABLE_PREVIEWS = YES;
				GENERATE_INFOPLIST_FILE = YES;
				INFOPLIST_KEY_UIApplicationSceneManifest_Generation = YES;
				INFOPLIST_KEY_UIApplicationSupportsIndirectInputEvents = YES;
				INFOPLIST_KEY_UILaunchScreen_Generation = YES;
				INFOPLIST_KEY_UISupportedInterfaceOrientations_iPad = "UIInterfaceOrientationPortrait UIInterfaceOrientationPortraitUpsideDown UIInterfaceOrientationLandscapeLeft UIInterfaceOrientationLandscapeRight";
				INFOPLIST_KEY_UISupportedInterfaceOrientations_iPhone = "UIInterfaceOrientationPortrait UIInterfaceOrientationLandscapeLeft UIInterfaceOrientationLandscapeRight";
				LD_RUNPATH_SEARCH_PATHS = (
					"$(inherited)",
					"@executable_path/Frameworks",
				);
				MARKETING_VERSION = 1.0;
				PRODUCT_BUNDLE_IDENTIFIER = "com.eric.Emoji-Art";
				PRODUCT_NAME = "$(TARGET_NAME)";
				SWIFT_EMIT_LOC_STRINGS = YES;
				SWIFT_VERSION = 5.0;
				TARGETED_DEVICE_FAMILY = "1,2";
			};
			name = Release;
		};
		07959E5B2C9FEE8B0046DD24 /* Debug */ = {
			isa = XCBuildConfiguration;
			buildSettings = {
				BUNDLE_LOADER = "$(TEST_HOST)";
				CODE_SIGN_STYLE = Automatic;
				CURRENT_PROJECT_VERSION = 1;
				DEVELOPMENT_TEAM = H7MDDDPC4H;
				GENERATE_INFOPLIST_FILE = YES;
				IPHONEOS_DEPLOYMENT_TARGET = 18.0;
				MARKETING_VERSION = 1.0;
				PRODUCT_BUNDLE_IDENTIFIER = "com.eric.Emoji-ArtTests";
				PRODUCT_NAME = "$(TARGET_NAME)";
				SWIFT_EMIT_LOC_STRINGS = NO;
				SWIFT_VERSION = 5.0;
				TARGETED_DEVICE_FAMILY = "1,2";
				TEST_HOST = "$(BUILT_PRODUCTS_DIR)/Emoji Art.app/$(BUNDLE_EXECUTABLE_FOLDER_PATH)/Emoji Art";
			};
			name = Debug;
		};
		07959E5C2C9FEE8B0046DD24 /* Release */ = {
			isa = XCBuildConfiguration;
			buildSettings = {
				BUNDLE_LOADER = "$(TEST_HOST)";
				CODE_SIGN_STYLE = Automatic;
				CURRENT_PROJECT_VERSION = 1;
				DEVELOPMENT_TEAM = H7MDDDPC4H;
				GENERATE_INFOPLIST_FILE = YES;
				IPHONEOS_DEPLOYMENT_TARGET = 18.0;
				MARKETING_VERSION = 1.0;
				PRODUCT_BUNDLE_IDENTIFIER = "com.eric.Emoji-ArtTests";
				PRODUCT_NAME = "$(TARGET_NAME)";
				SWIFT_EMIT_LOC_STRINGS = NO;
				SWIFT_VERSION = 5.0;
				TARGETED_DEVICE_FAMILY = "1,2";
				TEST_HOST = "$(BUILT_PRODUCTS_DIR)/Emoji Art.app/$(BUNDLE_EXECUTABLE_FOLDER_PATH)/Emoji Art";
			};
			name = Release;
		};
		07959E5E2C9FEE8B0046DD24 /* Debug */ = {
			isa = XCBuildConfiguration;
			buildSettings = {
				CODE_SIGN_STYLE = Automatic;
				CURRENT_PROJECT_VERSION = 1;
				DEVELOPMENT_TEAM = H7MDDDPC4H;
				GENERATE_INFOPLIST_FILE = YES;
				MARKETING_VERSION = 1.0;
				PRODUCT_BUNDLE_IDENTIFIER = "com.eric.Emoji-ArtUITests";
				PRODUCT_NAME = "$(TARGET_NAME)";
				SWIFT_EMIT_LOC_STRINGS = NO;
				SWIFT_VERSION = 5.0;
				TARGETED_DEVICE_FAMILY = "1,2";
				TEST_TARGET_NAME = "Emoji Art";
			};
			name = Debug;
		};
		07959E5F2C9FEE8B0046DD24 /* Release */ = {
			isa = XCBuildConfiguration;
			buildSettings = {
				CODE_SIGN_STYLE = Automatic;
				CURRENT_PROJECT_VERSION = 1;
				DEVELOPMENT_TEAM = H7MDDDPC4H;
				GENERATE_INFOPLIST_FILE = YES;
				MARKETING_VERSION = 1.0;
				PRODUCT_BUNDLE_IDENTIFIER = "com.eric.Emoji-ArtUITests";
				PRODUCT_NAME = "$(TARGET_NAME)";
				SWIFT_EMIT_LOC_STRINGS = NO;
				SWIFT_VERSION = 5.0;
				TARGETED_DEVICE_FAMILY = "1,2";
				TEST_TARGET_NAME = "Emoji Art";
			};
			name = Release;
		};
/* End XCBuildConfiguration section */

/* Begin XCConfigurationList section */
		07959E2E2C9FEE890046DD24 /* Build configuration list for PBXProject "Emoji Art" */ = {
			isa = XCConfigurationList;
			buildConfigurations = (
				07959E552C9FEE8B0046DD24 /* Debug */,
				07959E562C9FEE8B0046DD24 /* Release */,
			);
			defaultConfigurationIsVisible = 0;
			defaultConfigurationName = Release;
		};
		07959E572C9FEE8B0046DD24 /* Build configuration list for PBXNativeTarget "Emoji Art" */ = {
			isa = XCConfigurationList;
			buildConfigurations = (
				07959E582C9FEE8B0046DD24 /* Debug */,
				07959E592C9FEE8B0046DD24 /* Release */,
			);
			defaultConfigurationIsVisible = 0;
			defaultConfigurationName = Release;
		};
		07959E5A2C9FEE8B0046DD24 /* Build configuration list for PBXNativeTarget "Emoji ArtTests" */ = {
			isa = XCConfigurationList;
			buildConfigurations = (
				07959E5B2C9FEE8B0046DD24 /* Debug */,
				07959E5C2C9FEE8B0046DD24 /* Release */,
			);
			defaultConfigurationIsVisible = 0;
			defaultConfigurationName = Release;
		};
		07959E5D2C9FEE8B0046DD24 /* Build configuration list for PBXNativeTarget "Emoji ArtUITests" */ = {
			isa = XCConfigurationList;
			buildConfigurations = (
				07959E5E2C9FEE8B0046DD24 /* Debug */,
				07959E5F2C9FEE8B0046DD24 /* Release */,
			);
			defaultConfigurationIsVisible = 0;
			defaultConfigurationName = Release;
		};
/* End XCConfigurationList section */
	};
	rootObject = 07959E2B2C9FEE890046DD24 /* Project object */;
}
